hash: bf392a6ef124cd97a113526456aa99b1b3c596f1f2d6eafecd206c70fd7bde22
updated: 2019-02-21T19:58:04.457731+08:00
imports:
- name: cloud.google.com/go
  version: 35685ad21ad4a9ba8011fa0abed10660d9379f33
  subpackages:
  - civil
- name: github.com/denisenkom/go-mssqldb
  version: df6d76eb92899e4dfe4db66d53b187c89d34be37
  subpackages:
  - internal/cp
- name: github.com/gin-contrib/sse
  version: a7658810eb745c2f22927282dea478278103a897
- name: github.com/gin-gonic/gin
  version: b869fe1415e4b9eb52f247441830d502aece2d4d
  subpackages:
  - binding
  - json
  - render
- name: github.com/go-redis/redis
  version: 22be8a3eaf992c828cecb69dc07348313bf08d2e
  subpackages:
  - internal
  - internal/consistenthash
  - internal/hashtag
  - internal/pool
  - internal/proto
  - internal/util
- name: github.com/go-sql-driver/mysql
  version: 72cd26f257d44c1114970e19afddcd812016007e
- name: github.com/golang/protobuf
  version: c823c79ea1570fb5ff454033735a8e68575d1d0f
  subpackages:
  - proto
- name: github.com/jlaffaye/ftp
  version: 8019e6774408f0ef24753bccba660ae36ff4038d
- name: github.com/json-iterator/go
  version: 5bc93205020f6311d7e4a34f82c5616a18ec35e5
- name: github.com/lib/pq
  version: 4ded0e9383f75c197b3a2aaa6d590ac52df6fd79
  subpackages:
  - oid
- name: github.com/mattn/go-isatty
  version: 3fb116b820352b7f0c281308a4d6250c22d94e27
- name: github.com/mjibson/esc
  version: 0ea7db170df78dcddf3e223365f444163147fe89
- name: github.com/modern-go/concurrent
  version: bacd9c7ef1dd9b15be4a9909b8ac7a4e313eec94
- name: github.com/modern-go/reflect2
  version: 94122c33edd36123c84d5368cfb2b69df93a0ec8
- name: github.com/pkg/errors
  version: 856c240a51a2bf8fb8269ea7f3f9b046aadde36e
- name: github.com/stacktitan/smb
  version: ba124664fd6b2f18c67fa57b0af6e56168ab3b44
  subpackages:
  - gss
  - ntlmssp
  - smb
  - smb/encoder
- name: github.com/ugorji/go
  version: e444a5086c436778cf9281a7059a3d58b9e17935
  subpackages:
  - codec
- name: golang.org/x/crypto
  version: a4c6cb3142f211c99e4bf4cd769535b29a9b616f
  subpackages:
  - curve25519
  - ed25519
  - ed25519/internal/edwards25519
  - internal/chacha20
  - internal/subtle
  - md4
  - poly1305
  - ssh
- name: golang.org/x/net
  version: 3a22650c66bd7f4fb6d1e8072ffd7b75c8a27898
  subpackages:
  - internal/socks
  - proxy
- name: golang.org/x/sys
  version: b4e8571b14e03cc164df06f72b640ebce3899579
  subpackages:
  - unix
- name: golang.org/x/tools
  version: a754db16a40a9d94359b6600b825419c0ca6f986
  subpackages:
  - imports
- name: google.golang.org/appengine
  version: 54a98f90d1c46b7731eb8fb305d2a321c30ef610
  subpackages:
  - cloudsql
- name: gopkg.in/go-playground/validator.v8
  version: 5f1438d3fca68893a817e4a66806cea46a9e4ebf
- name: gopkg.in/mgo.v2
  version: 9856a29383ce1c59f308dd1cf0363a79b5bef6b5
  subpackages:
  - bson
  - internal/json
  - internal/sasl
  - internal/scram
- name: gopkg.in/yaml.v2
  version: 51d6538a90f86fe93ac480b35f37b2be17fef232
testImports: []
